
Microsoft Visual Studio Solution File, Format Version 12.00
# Visual Studio Version 17
VisualStudioVersion = 17.13.35828.75 d17.13
MinimumVisualStudioVersion = 10.0.40219.1
Project("{FAE04EC0-301F-11D3-BF4B-00C04F79EFBC}") = "HangfireConfig", "HangfireConfig\HangfireConfig.csproj", "{8E54D015-4BCD-40C3-A9C8-DB9613706E6D}"
EndProject
Global
	GlobalSection(SolutionConfigurationPlatforms) = preSolution
		Debug|Any CPU = Debug|Any CPU
		Release|Any CPU = Release|Any CPU
	EndGlobalSection
	GlobalSection(ProjectConfigurationPlatforms) = postSolution
		{8E54D015-4BCD-40C3-A9C8-DB9613706E6D}.Debug|Any CPU.ActiveCfg = Debug|Any CPU
		{8E54D015-4BCD-40C3-A9C8-DB9613706E6D}.Debug|Any CPU.Build.0 = Debug|Any CPU
		{8E54D015-4BCD-40C3-A9C8-DB9613706E6D}.Release|Any CPU.ActiveCfg = Release|Any CPU
		{8E54D015-4BCD-40C3-A9C8-DB9613706E6D}.Release|Any CPU.Build.0 = Release|Any CPU
	EndGlobalSection
	GlobalSection(SolutionProperties) = preSolution
		HideSolutionNode = FALSE
	EndGlobalSection
	GlobalSection(ExtensibilityGlobals) = postSolution
		SolutionGuid = {A90AF8AC-DA95-42E7-950B-BB24E34B644E}
	EndGlobalSection
EndGlobal
